
Microsoft Visual Studio Solution File, Format Version 12.00
# Visual Studio Version 17
VisualStudioVersion = 17.0.31717.71
MinimumVisualStudioVersion = 10.0.40219.1
Project("{FAE04EC0-301F-11D3-BF4B-00C04F79EFBC}") = "M334_8_10_21", "M334_8_10_21\M334_8_10_21.csproj", "{3C03B2EA-1423-4C58-8FD7-66AA4C24FD6F}"
EndProject
Global
	GlobalSection(SolutionConfigurationPlatforms) = preSolution
		Debug|Any CPU = Debug|Any CPU
		Release|Any CPU = Release|Any CPU
	EndGlobalSection
	GlobalSection(ProjectConfigurationPlatforms) = postSolution
		{3C03B2EA-1423-4C58-8FD7-66AA4C24FD6F}.Debug|Any CPU.ActiveCfg = Debug|Any CPU
		{3C03B2EA-1423-4C58-8FD7-66AA4C24FD6F}.Debug|Any CPU.Build.0 = Debug|Any CPU
		{3C03B2EA-1423-4C58-8FD7-66AA4C24FD6F}.Release|Any CPU.ActiveCfg = Release|Any CPU
		{3C03B2EA-1423-4C58-8FD7-66AA4C24FD6F}.Release|Any CPU.Build.0 = Release|Any CPU
	EndGlobalSection
	GlobalSection(SolutionProperties) = preSolution
		HideSolutionNode = FALSE
	EndGlobalSection
	GlobalSection(ExtensibilityGlobals) = postSolution
		SolutionGuid = {B5072DE3-3C77-4D1E-BA87-313F7B388331}
	EndGlobalSection
EndGlobal
